
Microsoft Visual Studio Solution File, Format Version 12.00
# Visual Studio Version 16
VisualStudioVersion = 16.0.30621.155
MinimumVisualStudioVersion = 10.0.40219.1
Project("{FAE04EC0-301F-11D3-BF4B-00C04F79EFBC}") = "WindowsFormsApp3", "WindowsFormsApp3\WindowsFormsApp3.csproj", "{14957A4E-0BD5-46BE-A863-5F99930CFFCB}"
EndProject
Global
	GlobalSection(SolutionConfigurationPlatforms) = preSolution
		Debug|Any CPU = Debug|Any CPU
		Release|Any CPU = Release|Any CPU
	EndGlobalSection
	GlobalSection(ProjectConfigurationPlatforms) = postSolution
		{14957A4E-0BD5-46BE-A863-5F99930CFFCB}.Debug|Any CPU.ActiveCfg = Debug|Any CPU
		{14957A4E-0BD5-46BE-A863-5F99930CFFCB}.Debug|Any CPU.Build.0 = Debug|Any CPU
		{14957A4E-0BD5-46BE-A863-5F99930CFFCB}.Release|Any CPU.ActiveCfg = Release|Any CPU
		{14957A4E-0BD5-46BE-A863-5F99930CFFCB}.Release|Any CPU.Build.0 = Release|Any CPU
	EndGlobalSection
	GlobalSection(SolutionProperties) = preSolution
		HideSolutionNode = FALSE
	EndGlobalSection
	GlobalSection(ExtensibilityGlobals) = postSolution
		SolutionGuid = {42A2E655-A6D3-4913-A6F4-62E2436614B5}
	EndGlobalSection
EndGlobal
